
Microsoft Visual Studio Solution File, Format Version 12.00
# Visual Studio 15
VisualStudioVersion = 15.0.28307.136
MinimumVisualStudioVersion = 10.0.40219.1
Project("{FAE04EC0-301F-11D3-BF4B-00C04F79EFBC}") = "RecProyect", "RecProyect\RecProyect.csproj", "{F80FD0D3-7A4B-49A5-ABE3-AD755EB0677D}"
EndProject
Global
	GlobalSection(SolutionConfigurationPlatforms) = preSolution
		Debug|Any CPU = Debug|Any CPU
		Release|Any CPU = Release|Any CPU
	EndGlobalSection
	GlobalSection(ProjectConfigurationPlatforms) = postSolution
		{F80FD0D3-7A4B-49A5-ABE3-AD755EB0677D}.Debug|Any CPU.ActiveCfg = Debug|Any CPU
		{F80FD0D3-7A4B-49A5-ABE3-AD755EB0677D}.Debug|Any CPU.Build.0 = Debug|Any CPU
		{F80FD0D3-7A4B-49A5-ABE3-AD755EB0677D}.Release|Any CPU.ActiveCfg = Release|Any CPU
		{F80FD0D3-7A4B-49A5-ABE3-AD755EB0677D}.Release|Any CPU.Build.0 = Release|Any CPU
	EndGlobalSection
	GlobalSection(SolutionProperties) = preSolution
		HideSolutionNode = FALSE
	EndGlobalSection
	GlobalSection(ExtensibilityGlobals) = postSolution
		SolutionGuid = {417AC439-E01B-4FA7-BDF3-A45D62E126E6}
	EndGlobalSection
EndGlobal
